
Microsoft Visual Studio Solution File, Format Version 12.00
# Visual Studio Version 16
VisualStudioVersion = 16.0.33328.57
MinimumVisualStudioVersion = 10.0.40219.1
Project("{FAE04EC0-301F-11D3-BF4B-00C04F79EFBC}") = "DatingApp", "DatingApp\DatingApp.csproj", "{23E4805E-467C-46F8-8E76-C869F2541D67}"
EndProject
Global
	GlobalSection(SolutionConfigurationPlatforms) = preSolution
		Debug|Any CPU = Debug|Any CPU
		Release|Any CPU = Release|Any CPU
	EndGlobalSection
	GlobalSection(ProjectConfigurationPlatforms) = postSolution
		{23E4805E-467C-46F8-8E76-C869F2541D67}.Debug|Any CPU.ActiveCfg = Debug|Any CPU
		{23E4805E-467C-46F8-8E76-C869F2541D67}.Debug|Any CPU.Build.0 = Debug|Any CPU
		{23E4805E-467C-46F8-8E76-C869F2541D67}.Release|Any CPU.ActiveCfg = Release|Any CPU
		{23E4805E-467C-46F8-8E76-C869F2541D67}.Release|Any CPU.Build.0 = Release|Any CPU
	EndGlobalSection
	GlobalSection(SolutionProperties) = preSolution
		HideSolutionNode = FALSE
	EndGlobalSection
	GlobalSection(ExtensibilityGlobals) = postSolution
		SolutionGuid = {BA60228A-9D5F-469E-B440-A1F768DF69E2}
	EndGlobalSection
EndGlobal
